
Microsoft Visual Studio Solution File, Format Version 12.00
# Visual Studio Version 17
VisualStudioVersion = 17.8.34525.116
MinimumVisualStudioVersion = 10.0.40219.1
Project("{9A19103F-16F7-4668-BE54-9A1E7A4F7556}") = "CameraApiTest", "CameraApiTest.csproj", "{4D353A0B-BD8D-43C7-B001-92CCD3FBED55}"
EndProject
Global
	GlobalSection(SolutionConfigurationPlatforms) = preSolution
		Debug|Any CPU = Debug|Any CPU
		Release|Any CPU = Release|Any CPU
	EndGlobalSection
	GlobalSection(ProjectConfigurationPlatforms) = postSolution
		{4D353A0B-BD8D-43C7-B001-92CCD3FBED55}.Debug|Any CPU.ActiveCfg = Debug|Any CPU
		{4D353A0B-BD8D-43C7-B001-92CCD3FBED55}.Debug|Any CPU.Build.0 = Debug|Any CPU
		{4D353A0B-BD8D-43C7-B001-92CCD3FBED55}.Release|Any CPU.ActiveCfg = Release|Any CPU
		{4D353A0B-BD8D-43C7-B001-92CCD3FBED55}.Release|Any CPU.Build.0 = Release|Any CPU
	EndGlobalSection
	GlobalSection(SolutionProperties) = preSolution
		HideSolutionNode = FALSE
	EndGlobalSection
	GlobalSection(ExtensibilityGlobals) = postSolution
		SolutionGuid = {B6517E6C-4CE5-46B1-965C-E526D0573634}
	EndGlobalSection
EndGlobal
